
Microsoft Visual Studio Solution File, Format Version 12.00
# Visual Studio Version 17
VisualStudioVersion = 17.5.002.0
MinimumVisualStudioVersion = 10.0.40219.1
Project("{9A19103F-16F7-4668-BE54-9A1E7A4F7556}") = "LiL.TimeTracking", "LiL.TimeTracking\LiL.TimeTracking.csproj", "{EA3629B6-ED85-4FF4-BC8D-9B4873255CA9}"
EndProject
Global
	GlobalSection(SolutionConfigurationPlatforms) = preSolution
		Debug|Any CPU = Debug|Any CPU
		Release|Any CPU = Release|Any CPU
	EndGlobalSection
	GlobalSection(ProjectConfigurationPlatforms) = postSolution
		{EA3629B6-ED85-4FF4-BC8D-9B4873255CA9}.Debug|Any CPU.ActiveCfg = Debug|Any CPU
		{EA3629B6-ED85-4FF4-BC8D-9B4873255CA9}.Debug|Any CPU.Build.0 = Debug|Any CPU
		{EA3629B6-ED85-4FF4-BC8D-9B4873255CA9}.Release|Any CPU.ActiveCfg = Release|Any CPU
		{EA3629B6-ED85-4FF4-BC8D-9B4873255CA9}.Release|Any CPU.Build.0 = Release|Any CPU
	EndGlobalSection
	GlobalSection(SolutionProperties) = preSolution
		HideSolutionNode = FALSE
	EndGlobalSection
	GlobalSection(ExtensibilityGlobals) = postSolution
		SolutionGuid = {1876C881-9196-41C3-A822-AFE13F415FCC}
	EndGlobalSection
EndGlobal
